
Microsoft Visual Studio Solution File, Format Version 12.00
# Visual Studio Version 17
VisualStudioVersion = 17.5.33516.290
MinimumVisualStudioVersion = 10.0.40219.1
Project("{FAE04EC0-301F-11D3-BF4B-00C04F79EFBC}") = "tabuada-simples", "tabuada-simples\tabuada-simples.csproj", "{8945AD86-9DAC-44E1-B3D6-D27A46F56588}"
EndProject
Global
	GlobalSection(SolutionConfigurationPlatforms) = preSolution
		Debug|Any CPU = Debug|Any CPU
		Release|Any CPU = Release|Any CPU
	EndGlobalSection
	GlobalSection(ProjectConfigurationPlatforms) = postSolution
		{8945AD86-9DAC-44E1-B3D6-D27A46F56588}.Debug|Any CPU.ActiveCfg = Debug|Any CPU
		{8945AD86-9DAC-44E1-B3D6-D27A46F56588}.Debug|Any CPU.Build.0 = Debug|Any CPU
		{8945AD86-9DAC-44E1-B3D6-D27A46F56588}.Release|Any CPU.ActiveCfg = Release|Any CPU
		{8945AD86-9DAC-44E1-B3D6-D27A46F56588}.Release|Any CPU.Build.0 = Release|Any CPU
	EndGlobalSection
	GlobalSection(SolutionProperties) = preSolution
		HideSolutionNode = FALSE
	EndGlobalSection
	GlobalSection(ExtensibilityGlobals) = postSolution
		SolutionGuid = {2A32E272-1F8E-4C45-82EE-3E6C71CA632D}
	EndGlobalSection
EndGlobal
